
Microsoft Visual Studio Solution File, Format Version 12.00
# Visual Studio Version 17
VisualStudioVersion = 17.5.002.0
MinimumVisualStudioVersion = 10.0.40219.1
Project("{9A19103F-16F7-4668-BE54-9A1E7A4F7556}") = "HASM", "HASM.csproj", "{936873CF-8E8F-4A7D-8082-6B42846F4B32}"
EndProject
Global
	GlobalSection(SolutionConfigurationPlatforms) = preSolution
		Debug|Any CPU = Debug|Any CPU
		Release|Any CPU = Release|Any CPU
	EndGlobalSection
	GlobalSection(ProjectConfigurationPlatforms) = postSolution
		{936873CF-8E8F-4A7D-8082-6B42846F4B32}.Debug|Any CPU.ActiveCfg = Debug|Any CPU
		{936873CF-8E8F-4A7D-8082-6B42846F4B32}.Debug|Any CPU.Build.0 = Debug|Any CPU
		{936873CF-8E8F-4A7D-8082-6B42846F4B32}.Release|Any CPU.ActiveCfg = Release|Any CPU
		{936873CF-8E8F-4A7D-8082-6B42846F4B32}.Release|Any CPU.Build.0 = Release|Any CPU
	EndGlobalSection
	GlobalSection(SolutionProperties) = preSolution
		HideSolutionNode = FALSE
	EndGlobalSection
	GlobalSection(ExtensibilityGlobals) = postSolution
		SolutionGuid = {9DC2955A-40AA-4D06-BACD-DD48BF5A8BEF}
	EndGlobalSection
EndGlobal
